Microsoft Visual Studio Solution File, Format Version 12.00
# Visual Studio Version 17
VisualStudioVersion = 17.5.2.0
MinimumVisualStudioVersion = 10.0.40219.1
Project("{2150E333-8FDC-42A3-9474-1A3956D46DE8}") = "security_mcp_server", "security_mcp_server", "{4B6E3ED3-AA6D-ED13-BF97-567AEA518B68}"
EndProject
Project("{FAE04EC0-301F-11D3-BF4B-00C04F79EFBC}") = "SecurityMcpServer", "security_mcp_server\SecurityMcpServer.csproj", "{54C3CB5E-6B12-B797-3450-4E60E305319F}"
EndProject
Global
	GlobalSection(SolutionConfigurationPlatforms) = preSolution
		Debug|Any CPU = Debug|Any CPU
		Release|Any CPU = Release|Any CPU
	EndGlobalSection
	GlobalSection(ProjectConfigurationPlatforms) = postSolution
		{54C3CB5E-6B12-B797-3450-4E60E305319F}.Debug|Any CPU.ActiveCfg = Debug|Any CPU
		{54C3CB5E-6B12-B797-3450-4E60E305319F}.Debug|Any CPU.Build.0 = Debug|Any CPU
		{54C3CB5E-6B12-B797-3450-4E60E305319F}.Release|Any CPU.ActiveCfg = Release|Any CPU
		{54C3CB5E-6B12-B797-3450-4E60E305319F}.Release|Any CPU.Build.0 = Release|Any CPU
	EndGlobalSection
	GlobalSection(SolutionProperties) = preSolution
		HideSolutionNode = FALSE
	EndGlobalSection
	GlobalSection(NestedProjects) = preSolution
		{54C3CB5E-6B12-B797-3450-4E60E305319F} = {4B6E3ED3-AA6D-ED13-BF97-567AEA518B68}
	EndGlobalSection
	GlobalSection(ExtensibilityGlobals) = postSolution
		SolutionGuid = {36371FDB-8145-4904-8C3D-360E9EBC1182}
	EndGlobalSection
EndGlobal
